// !$*UTF8*$!
{
	archiveVersion = 1;
	classes = {
	};
	objectVersion = 46;
	objects = {

/* Begin PBXBuildFile section */
		692582E81A113AB200643A08 /* Images.xcassets in Resources */ = {isa = PBXBuildFile; fileRef = 692582E71A113AB200643A08 /* Images.xcassets */; };
		692B39EE1696F4A0005B1403 /* AddressBook.framework in Frameworks */ = {isa = PBXBuildFile; fileRef = 692B39ED1696F4A0005B1403 /* AddressBook.framework */; };
		692B39F11696F4B2005B1403 /* AudioToolbox.framework in Frameworks */ = {isa = PBXBuildFile; fileRef = 692B39F01696F4B2005B1403 /* AudioToolbox.framework */; };
		692B39F31696F4C0005B1403 /* AVFoundation.framework in Frameworks */ = {isa = PBXBuildFile; fileRef = 692B39F21696F4C0005B1403 /* AVFoundation.framework */; };
		692B39F51696F4D2005B1403 /* CoreLocation.framework in Frameworks */ = {isa = PBXBuildFile; fileRef = 692B39F41696F4D2005B1403 /* CoreLocation.framework */; };
		692B39F71696F4F3005B1403 /* libsqlite3.dylib in Frameworks */ = {isa = PBXBuildFile; fileRef = 692B39F61696F4F3005B1403 /* libsqlite3.dylib */; };
		692B39F91696F4FE005B1403 /* libz.dylib in Frameworks */ = {isa = PBXBuildFile; fileRef = 692B39F81696F4FE005B1403 /* libz.dylib */; };
		692B39FB1696F50A005B1403 /* MapKit.framework in Frameworks */ = {isa = PBXBuildFile; fileRef = 692B39FA1696F50A005B1403 /* MapKit.framework */; };
		692B39FD1696F55B005B1403 /* QuartzCore.framework in Frameworks */ = {isa = PBXBuildFile; fileRef = 692B39FC1696F55B005B1403 /* QuartzCore.framework */; };
		692B3BE41698CD76005B1403 /* StoreKit.framework in Frameworks */ = {isa = PBXBuildFile; fileRef = 692B3BE31698CD76005B1403 /* StoreKit.framework */; };
		692B3BE61698CD8C005B1403 /* AdSupport.framework in Frameworks */ = {isa = PBXBuildFile; fileRef = 692B3BE51698CD8C005B1403 /* AdSupport.framework */; };
		692B3BED1699F86C005B1403 /* Default-568h@2x.png in Resources */ = {isa = PBXBuildFile; fileRef = 692B3BEC1699F86C005B1403 /* Default-568h@2x.png */; };
		692E8AA5166EAD0C0010C2A4 /* SystemConfiguration.framework in Frameworks */ = {isa = PBXBuildFile; fileRef = 692E8AA4166EAD0B0010C2A4 /* SystemConfiguration.framework */; };
		692FA38D15CD8E65008D5421 /* UIKit.framework in Frameworks */ = {isa = PBXBuildFile; fileRef = 692FA38C15CD8E65008D5421 /* UIKit.framework */; };
		692FA38F15CD8E65008D5421 /* Foundation.framework in Frameworks */ = {isa = PBXBuildFile; fileRef = 692FA38E15CD8E65008D5421 /* Foundation.framework */; };
		692FA39115CD8E65008D5421 /* CoreGraphics.framework in Frameworks */ = {isa = PBXBuildFile; fileRef = 692FA39015CD8E65008D5421 /* CoreGraphics.framework */; };
		692FA39715CD8E65008D5421 /* InfoPlist.strings in Resources */ = {isa = PBXBuildFile; fileRef = 692FA39515CD8E65008D5421 /* InfoPlist.strings */; };
		692FA39915CD8E65008D5421 /* main.m in Sources */ = {isa = PBXBuildFile; fileRef = 692FA39815CD8E65008D5421 /* main.m */; };
		692FA39D15CD8E65008D5421 /* AppDelegate.m in Sources */ = {isa = PBXBuildFile; fileRef = 692FA39C15CD8E65008D5421 /* AppDelegate.m */; };
		692FA3A015CD8E65008D5421 /* MainStoryboard.storyboard in Resources */ = {isa = PBXBuildFile; fileRef = 692FA39E15CD8E65008D5421 /* MainStoryboard.storyboard */; };
		692FA3A315CD8E65008D5421 /* FirstViewController.m in Sources */ = {isa = PBXBuildFile; fileRef = 692FA3A215CD8E65008D5421 /* FirstViewController.m */; };
		692FA3B615CD95AC008D5421 /* SalikViewController.m in Sources */ = {isa = PBXBuildFile; fileRef = 692FA3B515CD95AC008D5421 /* SalikViewController.m */; };
		692FA3B915CD95C1008D5421 /* DubaiParkingViewController.m in Sources */ = {isa = PBXBuildFile; fileRef = 692FA3B815CD95C1008D5421 /* DubaiParkingViewController.m */; };
		692FA3BC15CD95E2008D5421 /* DefaultsViewController.m in Sources */ = {isa = PBXBuildFile; fileRef = 692FA3BB15CD95E2008D5421 /* DefaultsViewController.m */; };
		692FA3C215CDA13C008D5421 /* Settings.bundle in Resources */ = {isa = PBXBuildFile; fileRef = 692FA3C115CDA13C008D5421 /* Settings.bundle */; };
		692FA3C415CDAE31008D5421 /* MessageUI.framework in Frameworks */ = {isa = PBXBuildFile; fileRef = 692FA3C315CDAE31008D5421 /* MessageUI.framework */; };
		692FA3C615CDB8C3008D5421 /* Icon.png in Resources */ = {isa = PBXBuildFile; fileRef = 692FA3C515CDB8C3008D5421 /* Icon.png */; };
		693A8D75180C1BE400F70C7C /* UpgradeViewController.m in Sources */ = {isa = PBXBuildFile; fileRef = 693A8D74180C1BE400F70C7C /* UpgradeViewController.m */; };
		69503A45169627C1001E1939 /* iAd.framework in Frameworks */ = {isa = PBXBuildFile; fileRef = 69503A44169627C1001E1939 /* iAd.framework */; };
		696304DE180ECF9C00067AE8 /* Security.framework in Frameworks */ = {isa = PBXBuildFile; fileRef = 696304DD180ECF9C00067AE8 /* Security.framework */; };
		696304E1180EE95E00067AE8 /* salikhistoryCell.m in Sources */ = {isa = PBXBuildFile; fileRef = 696304E0180EE95E00067AE8 /* salikhistoryCell.m */; };
		696304E418106C2D00067AE8 /* ParkinghistoryCell.m in Sources */ = {isa = PBXBuildFile; fileRef = 696304E318106C2D00067AE8 /* ParkinghistoryCell.m */; };
		696A137C1800827400BDC345 /* CoreData.framework in Frameworks */ = {isa = PBXBuildFile; fileRef = 696A137B1800827400BDC345 /* CoreData.framework */; };
		696A137F180086A000BDC345 /* SalikhistoryViewController.m in Sources */ = {isa = PBXBuildFile; fileRef = 696A137E180086A000BDC345 /* SalikhistoryViewController.m */; };
		696A1382180086D200BDC345 /* ParkinghistoryViewController.m in Sources */ = {isa = PBXBuildFile; fileRef = 696A1381180086D100BDC345 /* ParkinghistoryViewController.m */; };
		696E2DC31A13BECC00B3B2AA /* TrafficViewController.m in Sources */ = {isa = PBXBuildFile; fileRef = 696E2DC21A13BECC00B3B2AA /* TrafficViewController.m */; };
		696E2DC61A13C10D00B3B2AA /* googlemaps.html in Resources */ = {isa = PBXBuildFile; fileRef = 696E2DC41A13C10D00B3B2AA /* googlemaps.html */; };
		696E2DC71A13C10D00B3B2AA /* TemplateIcon2x.png in Resources */ = {isa = PBXBuildFile; fileRef = 696E2DC51A13C10D00B3B2AA /* TemplateIcon2x.png */; };
		698B05C615FD266500A8E34C /* sendsmsbutton-263x37.png in Resources */ = {isa = PBXBuildFile; fileRef = 698B05C515FD266500A8E34C /* sendsmsbutton-263x37.png */; };
		698B05C915FD267B00A8E34C /* salikbigbutton-180x83.png in Resources */ = {isa = PBXBuildFile; fileRef = 698B05C815FD267B00A8E34C /* salikbigbutton-180x83.png */; };
		698B05CB15FD269E00A8E34C /* save button-72x37.png in Resources */ = {isa = PBXBuildFile; fileRef = 698B05CA15FD269E00A8E34C /* save button-72x37.png */; };
		698B05CD15FD380700A8E34C /* icon_information.png in Resources */ = {isa = PBXBuildFile; fileRef = 698B05CC15FD380700A8E34C /* icon_information.png */; };
		698B05D015FD428B00A8E34C /* IconsLarge.png in Resources */ = {isa = PBXBuildFile; fileRef = 698B05CF15FD428B00A8E34C /* IconsLarge.png */; };
		698B05DB15FD552300A8E34C /* navbar.png in Resources */ = {isa = PBXBuildFile; fileRef = 698B05DA15FD552300A8E34C /* navbar.png */; };
		698B05DF15FD58D200A8E34C /* back.png in Resources */ = {isa = PBXBuildFile; fileRef = 698B05DE15FD58D200A8E34C /* back.png */; };
		69945E05194E2C77004CD5CF /* CoreTelephony.framework in Frameworks */ = {isa = PBXBuildFile; fileRef = 69945E04194E2C77004CD5CF /* CoreTelephony.framework */; };
		69945E08194E33F0004CD5CF /* salikweb_rechargeViewController.m in Sources */ = {isa = PBXBuildFile; fileRef = 69945E07194E33F0004CD5CF /* salikweb_rechargeViewController.m */; };
		69945E0B194E35F6004CD5CF /* salikwebViewController.m in Sources */ = {isa = PBXBuildFile; fileRef = 69945E0A194E35F6004CD5CF /* salikwebViewController.m */; };
		69A22B771A160183004DB312 /* libGoogleAdMobAds.a in Frameworks */ = {isa = PBXBuildFile; fileRef = 69A22B751A160183004DB312 /* libGoogleAdMobAds.a */; };
		69A22B781A160183004DB312 /* README.txt in Resources */ = {isa = PBXBuildFile; fileRef = 69A22B761A160183004DB312 /* README.txt */; };
		69A22B7B1A1601A7004DB312 /* EventKit.framework in Frameworks */ = {isa = PBXBuildFile; fileRef = 69A22B791A1601A7004DB312 /* EventKit.framework */; };
		69A22B7C1A1601A7004DB312 /* EventKitUI.framework in Frameworks */ = {isa = PBXBuildFile; fileRef = 69A22B7A1A1601A7004DB312 /* EventKitUI.framework */; };
		69A22B831A17D00C004DB312 /* NotificationCenter.framework in Frameworks */ = {isa = PBXBuildFile; fileRef = 69A22B821A17D00C004DB312 /* NotificationCenter.framework */; };
		69A22B881A17D00C004DB312 /* TodayViewController.swift in Sources */ = {isa = PBXBuildFile; fileRef = 69A22B871A17D00C004DB312 /* TodayViewController.swift */; };
		69A22B8A1A17D00C004DB312 /* MainInterface.storyboard in Resources */ = {isa = PBXBuildFile; fileRef = 69A22B891A17D00C004DB312 /* MainInterface.storyboard */; };
		69A22B8E1A17D00C004DB312 /* Traffic_Widget.appex in Embed App Extensions */ = {isa = PBXBuildFile; fileRef = 69A22B811A17D00C004DB312 /* Traffic_Widget.appex */; settings = {ATTRIBUTES = (RemoveHeadersOnCopy, ); }; };
		69A22B991A17E285004DB312 /* trafficmap.html in Resources */ = {isa = PBXBuildFile; fileRef = 69A22B971A17E285004DB312 /* trafficmap.html */; };
		69A22B9A1A17E285004DB312 /* TemplateIcon2x.png in Resources */ = {isa = PBXBuildFile; fileRef = 69A22B981A17E285004DB312 /* TemplateIcon2x.png */; };
		69A3C69C15FA8ECD00CABD7B /* Default@2x.png in Resources */ = {isa = PBXBuildFile; fileRef = 69A3C69B15FA8ECD00CABD7B /* Default@2x.png */; };
		69A3C69F15FA8EF900CABD7B /* Default.png in Resources */ = {isa = PBXBuildFile; fileRef = 69A3C69E15FA8EF900CABD7B /* Default.png */; };
		69A3C6A215FA91CE00CABD7B /* icon_mail.png in Resources */ = {isa = PBXBuildFile; fileRef = 69A3C6A015FA91CE00CABD7B /* icon_mail.png */; };
		69A3C6A315FA91CE00CABD7B /* icon_settings.png in Resources */ = {isa = PBXBuildFile; fileRef = 69A3C6A115FA91CE00CABD7B /* icon_settings.png */; };
		69CBDEA817FB19720076988A /* History.xcdatamodeld in Sources */ = {isa = PBXBuildFile; fileRef = 69CBDEA617FB19720076988A /* History.xcdatamodeld */; };
		69F86B991AE1808400F265E5 /* libFlurry_6.3.0.a in Frameworks */ = {isa = PBXBuildFile; fileRef = 69F86B981AE1808400F265E5 /* libFlurry_6.3.0.a */; };
		EAE29FF5E4C7473232A7E696 /* libPods.a in Frameworks */ = {isa = PBXBuildFile; fileRef = 24DD8CCD0C8202408242DBBC /* libPods.a */; };
		F53E9CA61C31A21500BE91BD /* StartApp.bundle in Resources */ = {isa = PBXBuildFile; fileRef = F53E9CA41C31A21500BE91BD /* StartApp.bundle */; };
		F53E9CA71C31A21500BE91BD /* StartApp.framework in Frameworks */ = {isa = PBXBuildFile; fileRef = F53E9CA51C31A21500BE91BD /* StartApp.framework */; };
		F5993C621B7B9ACD00F23F68 /* CoreMedia.framework in Frameworks */ = {isa = PBXBuildFile; fileRef = F5993C611B7B9ACD00F23F68 /* CoreMedia.framework */; };
/* End PBXBuildFile section */

/* Begin PBXContainerItemProxy section */
		69A22B8B1A17D00C004DB312 /* PBXContainerItemProxy */ = {
			isa = PBXContainerItemProxy;
			containerPortal = 692FA37F15CD8E65008D5421 /* Project object */;
			proxyType = 1;
			remoteGlobalIDString = 69A22B801A17D00C004DB312;
			remoteInfo = Traffic_Widget;
		};
		69A22B8F1A17D00C004DB312 /* PBXContainerItemProxy */ = {
			isa = PBXContainerItemProxy;
			containerPortal = 692FA37F15CD8E65008D5421 /* Project object */;
			proxyType = 1;
			remoteGlobalIDString = 69A22B801A17D00C004DB312;
			remoteInfo = Traffic_Widget;
		};
/* End PBXContainerItemProxy section */

/* Begin PBXCopyFilesBuildPhase section */
		69A22B8D1A17D00C004DB312 /* Embed App Extensions */ = {
			isa = PBXCopyFilesBuildPhase;
			buildActionMask = 2147483647;
			dstPath = "";
			dstSubfolderSpec = 13;
			files = (
				69A22B8E1A17D00C004DB312 /* Traffic_Widget.appex in Embed App Extensions */,
			);
			name = "Embed App Extensions";
			runOnlyForDeploymentPostprocessing = 0;
		};
/* End PBXCopyFilesBuildPhase section */

/* Begin PBXFileReference section */
		24DD8CCD0C8202408242DBBC /* libPods.a */ = {isa = PBXFileReference; explicitFileType = archive.ar; includeInIndex = 0; path = libPods.a; sourceTree = BUILT_PRODUCTS_DIR; };
		2BBE276F980BF3BB3FD81010 /* Pods.ad hoc.xcconfig */ = {isa = PBXFileReference; includeInIndex = 1; lastKnownFileType = text.xcconfig; name = "Pods.ad hoc.xcconfig"; path = "Pods/Target Support Files/Pods/Pods.ad hoc.xcconfig"; sourceTree = "<group>"; };
		5B9376EA9584D5AFD25FE90A /* Pods.release.xcconfig */ = {isa = PBXFileReference; includeInIndex = 1; lastKnownFileType = text.xcconfig; name = Pods.release.xcconfig; path = "Pods/Target Support Files/Pods/Pods.release.xcconfig"; sourceTree = "<group>"; };
		692582E71A113AB200643A08 /* Images.xcassets */ = {isa = PBXFileReference; lastKnownFileType = folder.assetcatalog; path = Images.xcassets; sourceTree = "<group>"; };
		692B39ED1696F4A0005B1403 /* AddressBook.framework */ = {isa = PBXFileReference; lastKnownFileType = wrapper.framework; name = AddressBook.framework; path = System/Library/Frameworks/AddressBook.framework; sourceTree = SDKROOT; };
		692B39F01696F4B2005B1403 /* AudioToolbox.framework */ = {isa = PBXFileReference; lastKnownFileType = wrapper.framework; name = AudioToolbox.framework; path = System/Library/Frameworks/AudioToolbox.framework; sourceTree = SDKROOT; };
		692B39F21696F4C0005B1403 /* AVFoundation.framework */ = {isa = PBXFileReference; lastKnownFileType = wrapper.framework; name = AVFoundation.framework; path = System/Library/Frameworks/AVFoundation.framework; sourceTree = SDKROOT; };
		692B39F41696F4D2005B1403 /* CoreLocation.framework */ = {isa = PBXFileReference; lastKnownFileType = wrapper.framework; name = CoreLocation.framework; path = System/Library/Frameworks/CoreLocation.framework; sourceTree = SDKROOT; };
		692B39F61696F4F3005B1403 /* libsqlite3.dylib */ = {isa = PBXFileReference; lastKnownFileType = "compiled.mach-o.dylib"; name = libsqlite3.dylib; path = usr/lib/libsqlite3.dylib; sourceTree = SDKROOT; };
		692B39F81696F4FE005B1403 /* libz.dylib */ = {isa = PBXFileReference; lastKnownFileType = "compiled.mach-o.dylib"; name = libz.dylib; path = usr/lib/libz.dylib; sourceTree = SDKROOT; };
		692B39FA1696F50A005B1403 /* MapKit.framework */ = {isa = PBXFileReference; lastKnownFileType = wrapper.framework; name = MapKit.framework; path = System/Library/Frameworks/MapKit.framework; sourceTree = SDKROOT; };
		692B39FC1696F55B005B1403 /* QuartzCore.framework */ = {isa = PBXFileReference; lastKnownFileType = wrapper.framework; name = QuartzCore.framework; path = System/Library/Frameworks/QuartzCore.framework; sourceTree = SDKROOT; };
		692B3BE31698CD76005B1403 /* StoreKit.framework */ = {isa = PBXFileReference; lastKnownFileType = wrapper.framework; name = StoreKit.framework; path = System/Library/Frameworks/StoreKit.framework; sourceTree = SDKROOT; };
		692B3BE51698CD8C005B1403 /* AdSupport.framework */ = {isa = PBXFileReference; lastKnownFileType = wrapper.framework; name = AdSupport.framework; path = System/Library/Frameworks/AdSupport.framework; sourceTree = SDKROOT; };
		692B3BE81699F38D005B1403 /* libAdapterIAd.a */ = {isa = PBXFileReference; lastKnownFileType = archive.ar; path = libAdapterIAd.a; sourceTree = "<group>"; };
		692B3BEC1699F86C005B1403 /* Default-568h@2x.png */ = {isa = PBXFileReference; lastKnownFileType = image.png; path = "Default-568h@2x.png"; sourceTree = "<group>"; };
		692E8AA4166EAD0B0010C2A4 /* SystemConfiguration.framework */ = {isa = PBXFileReference; lastKnownFileType = wrapper.framework; name = SystemConfiguration.framework; path = System/Library/Frameworks/SystemConfiguration.framework; sourceTree = SDKROOT; };
		692FA38815CD8E65008D5421 /* SMS Dubai Roads.app */ = {isa = PBXFileReference; explicitFileType = wrapper.application; includeInIndex = 0; path = "SMS Dubai Roads.app"; sourceTree = BUILT_PRODUCTS_DIR; };
		692FA38C15CD8E65008D5421 /* UIKit.framework */ = {isa = PBXFileReference; lastKnownFileType = wrapper.framework; name = UIKit.framework; path = System/Library/Frameworks/UIKit.framework; sourceTree = SDKROOT; };
		692FA38E15CD8E65008D5421 /* Foundation.framework */ = {isa = PBXFileReference; lastKnownFileType = wrapper.framework; name = Foundation.framework; path = System/Library/Frameworks/Foundation.framework; sourceTree = SDKROOT; };
		692FA39015CD8E65008D5421 /* CoreGraphics.framework */ = {isa = PBXFileReference; lastKnownFileType = wrapper.framework; name = CoreGraphics.framework; path = System/Library/Frameworks/CoreGraphics.framework; sourceTree = SDKROOT; };
		692FA39415CD8E65008D5421 /* SMS Dubai Roads-Info.plist */ = {isa = PBXFileReference; lastKnownFileType = text.plist.xml; path = "SMS Dubai Roads-Info.plist"; sourceTree = "<group>"; };
		692FA39615CD8E65008D5421 /* en */ = {isa = PBXFileReference; lastKnownFileType = text.plist.strings; name = en; path = en.lproj/InfoPlist.strings; sourceTree = "<group>"; };
		692FA39815CD8E65008D5421 /* main.m */ = {isa = PBXFileReference; lastKnownFileType = sourcecode.c.objc; path = main.m; sourceTree = "<group>"; };
		692FA39A15CD8E65008D5421 /* SMS Dubai Roads-Prefix.pch */ = {isa = PBXFileReference; lastKnownFileType = sourcecode.c.h; path = "SMS Dubai Roads-Prefix.pch"; sourceTree = "<group>"; };
		692FA39B15CD8E65008D5421 /* AppDelegate.h */ = {isa = PBXFileReference; lastKnownFileType = sourcecode.c.h; path = AppDelegate.h; sourceTree = "<group>"; };
		692FA39C15CD8E65008D5421 /* AppDelegate.m */ = {isa = PBXFileReference; lastKnownFileType = sourcecode.c.objc; path = AppDelegate.m; sourceTree = "<group>"; };
		692FA39F15CD8E65008D5421 /* en */ = {isa = PBXFileReference; lastKnownFileType = file.storyboard; name = en; path = en.lproj/MainStoryboard.storyboard; sourceTree = "<group>"; };
		692FA3A115CD8E65008D5421 /* FirstViewController.h */ = {isa = PBXFileReference; lastKnownFileType = sourcecode.c.h; path = FirstViewController.h; sourceTree = "<group>"; };
		692FA3A215CD8E65008D5421 /* FirstViewController.m */ = {isa = PBXFileReference; lastKnownFileType = sourcecode.c.objc; path = FirstViewController.m; sourceTree = "<group>"; };
		692FA3B415CD95AC008D5421 /* SalikViewController.h */ = {isa = PBXFileReference; fileEncoding = 4; lastKnownFileType = sourcecode.c.h; path = SalikViewController.h; sourceTree = "<group>"; };
		692FA3B515CD95AC008D5421 /* SalikViewController.m */ = {isa = PBXFileReference; fileEncoding = 4; lastKnownFileType = sourcecode.c.objc; path = SalikViewController.m; sourceTree = "<group>"; };
		692FA3B715CD95C1008D5421 /* DubaiParkingViewController.h */ = {isa = PBXFileReference; fileEncoding = 4; lastKnownFileType = sourcecode.c.h; path = DubaiParkingViewController.h; sourceTree = "<group>"; };
		692FA3B815CD95C1008D5421 /* DubaiParkingViewController.m */ = {isa = PBXFileReference; fileEncoding = 4; lastKnownFileType = sourcecode.c.objc; path = DubaiParkingViewController.m; sourceTree = "<group>"; };
		692FA3BA15CD95E2008D5421 /* DefaultsViewController.h */ = {isa = PBXFileReference; fileEncoding = 4; lastKnownFileType = sourcecode.c.h; path = DefaultsViewController.h; sourceTree = "<group>"; };
		692FA3BB15CD95E2008D5421 /* DefaultsViewController.m */ = {isa = PBXFileReference; fileEncoding = 4; lastKnownFileType = sourcecode.c.objc; path = DefaultsViewController.m; sourceTree = "<group>"; };
		692FA3C115CDA13C008D5421 /* Settings.bundle */ = {isa = PBXFileReference; lastKnownFileType = "wrapper.plug-in"; name = Settings.bundle; path = ../Settings.bundle; sourceTree = "<group>"; };
		692FA3C315CDAE31008D5421 /* MessageUI.framework */ = {isa = PBXFileReference; lastKnownFileType = wrapper.framework; name = MessageUI.framework; path = System/Library/Frameworks/MessageUI.framework; sourceTree = SDKROOT; };
		692FA3C515CDB8C3008D5421 /* Icon.png */ = {isa = PBXFileReference; lastKnownFileType = image.png; path = Icon.png; sourceTree = "<group>"; };
		693A8D73180C1BE400F70C7C /* UpgradeViewController.h */ = {isa = PBXFileReference; fileEncoding = 4; lastKnownFileType = sourcecode.c.h; path = UpgradeViewController.h; sourceTree = "<group>"; };
		693A8D74180C1BE400F70C7C /* UpgradeViewController.m */ = {isa = PBXFileReference; fileEncoding = 4; lastKnownFileType = sourcecode.c.objc; path = UpgradeViewController.m; sourceTree = "<group>"; };
		69503A44169627C1001E1939 /* iAd.framework */ = {isa = PBXFileReference; lastKnownFileType = wrapper.framework; name = iAd.framework; path = System/Library/Frameworks/iAd.framework; sourceTree = SDKROOT; };
		696304DD180ECF9C00067AE8 /* Security.framework */ = {isa = PBXFileReference; lastKnownFileType = wrapper.framework; name = Security.framework; path = System/Library/Frameworks/Security.framework; sourceTree = SDKROOT; };
		696304DF180EE95E00067AE8 /* salikhistoryCell.h */ = {isa = PBXFileReference; fileEncoding = 4; lastKnownFileType = sourcecode.c.h; path = salikhistoryCell.h; sourceTree = "<group>"; };
		696304E0180EE95E00067AE8 /* salikhistoryCell.m */ = {isa = PBXFileReference; fileEncoding = 4; lastKnownFileType = sourcecode.c.objc; path = salikhistoryCell.m; sourceTree = "<group>"; };
		696304E218106C2D00067AE8 /* ParkinghistoryCell.h */ = {isa = PBXFileReference; fileEncoding = 4; lastKnownFileType = sourcecode.c.h; path = ParkinghistoryCell.h; sourceTree = "<group>"; };
		696304E318106C2D00067AE8 /* ParkinghistoryCell.m */ = {isa = PBXFileReference; fileEncoding = 4; lastKnownFileType = sourcecode.c.objc; path = ParkinghistoryCell.m; sourceTree = "<group>"; };
		696A137B1800827400BDC345 /* CoreData.framework */ = {isa = PBXFileReference; lastKnownFileType = wrapper.framework; name = CoreData.framework; path = System/Library/Frameworks/CoreData.framework; sourceTree = SDKROOT; };
		696A137D1800869F00BDC345 /* SalikhistoryViewController.h */ = {isa = PBXFileReference; fileEncoding = 4; lastKnownFileType = sourcecode.c.h; path = SalikhistoryViewController.h; sourceTree = "<group>"; };
		696A137E180086A000BDC345 /* SalikhistoryViewController.m */ = {isa = PBXFileReference; fileEncoding = 4; lastKnownFileType = sourcecode.c.objc; path = SalikhistoryViewController.m; sourceTree = "<group>"; };
		696A1380180086D100BDC345 /* ParkinghistoryViewController.h */ = {isa = PBXFileReference; fileEncoding = 4; lastKnownFileType = sourcecode.c.h; path = ParkinghistoryViewController.h; sourceTree = "<group>"; };
		696A1381180086D100BDC345 /* ParkinghistoryViewController.m */ = {isa = PBXFileReference; fileEncoding = 4; lastKnownFileType = sourcecode.c.objc; path = ParkinghistoryViewController.m; sourceTree = "<group>"; };
		696E2DC11A13BECC00B3B2AA /* TrafficViewController.h */ = {isa = PBXFileReference; fileEncoding = 4; lastKnownFileType = sourcecode.c.h; path = TrafficViewController.h; sourceTree = "<group>"; };
		696E2DC21A13BECC00B3B2AA /* TrafficViewController.m */ = {isa = PBXFileReference; fileEncoding = 4; lastKnownFileType = sourcecode.c.objc; path = TrafficViewController.m; sourceTree = "<group>"; };
		696E2DC41A13C10D00B3B2AA /* googlemaps.html */ = {isa = PBXFileReference; fileEncoding = 4; lastKnownFileType = text.html; path = googlemaps.html; sourceTree = "<group>"; };
		696E2DC51A13C10D00B3B2AA /* TemplateIcon2x.png */ = {isa = PBXFileReference; lastKnownFileType = image.png; path = TemplateIcon2x.png; sourceTree = "<group>"; };
		698B05C515FD266500A8E34C /* sendsmsbutton-263x37.png */ = {isa = PBXFileReference; lastKnownFileType = image.png; path = "sendsmsbutton-263x37.png"; sourceTree = "<group>"; };
		698B05C815FD267B00A8E34C /* salikbigbutton-180x83.png */ = {isa = PBXFileReference; lastKnownFileType = image.png; path = "salikbigbutton-180x83.png"; sourceTree = "<group>"; };
		698B05CA15FD269E00A8E34C /* save button-72x37.png */ = {isa = PBXFileReference; lastKnownFileType = image.png; path = "save button-72x37.png"; sourceTree = "<group>"; };
		698B05CC15FD380700A8E34C /* icon_information.png */ = {isa = PBXFileReference; lastKnownFileType = image.png; path = icon_information.png; sourceTree = "<group>"; };
		698B05CF15FD428B00A8E34C /* IconsLarge.png */ = {isa = PBXFileReference; lastKnownFileType = image.png; path = IconsLarge.png; sourceTree = "<group>"; };
		698B05DA15FD552300A8E34C /* navbar.png */ = {isa = PBXFileReference; lastKnownFileType = image.png; path = navbar.png; sourceTree = "<group>"; };
		698B05DE15FD58D200A8E34C /* back.png */ = {isa = PBXFileReference; lastKnownFileType = image.png; path = back.png; sourceTree = "<group>"; };
		69945E04194E2C77004CD5CF /* CoreTelephony.framework */ = {isa = PBXFileReference; lastKnownFileType = wrapper.framework; name = CoreTelephony.framework; path = System/Library/Frameworks/CoreTelephony.framework; sourceTree = SDKROOT; };
		69945E06194E33F0004CD5CF /* salikweb_rechargeViewController.h */ = {isa = PBXFileReference; fileEncoding = 4; lastKnownFileType = sourcecode.c.h; path = salikweb_rechargeViewController.h; sourceTree = "<group>"; };
		69945E07194E33F0004CD5CF /* salikweb_rechargeViewController.m */ = {isa = PBXFileReference; fileEncoding = 4; lastKnownFileType = sourcecode.c.objc; path = salikweb_rechargeViewController.m; sourceTree = "<group>"; };
		69945E09194E35F6004CD5CF /* salikwebViewController.h */ = {isa = PBXFileReference; fileEncoding = 4; lastKnownFileType = sourcecode.c.h; path = salikwebViewController.h; sourceTree = "<group>"; };
		69945E0A194E35F6004CD5CF /* salikwebViewController.m */ = {isa = PBXFileReference; fileEncoding = 4; lastKnownFileType = sourcecode.c.objc; path = salikwebViewController.m; sourceTree = "<group>"; };
		69A22B581A160183004DB312 /* DFPBannerView.h */ = {isa = PBXFileReference; fileEncoding = 4; lastKnownFileType = sourcecode.c.h; path = DFPBannerView.h; sourceTree = "<group>"; };
		69A22B591A160183004DB312 /* DFPExtras.h */ = {isa = PBXFileReference; fileEncoding = 4; lastKnownFileType = sourcecode.c.h; path = DFPExtras.h; sourceTree = "<group>"; };
		69A22B5A1A160183004DB312 /* DFPInterstitial.h */ = {isa = PBXFileReference; fileEncoding = 4; lastKnownFileType = sourcecode.c.h; path = DFPInterstitial.h; sourceTree = "<group>"; };
		69A22B5B1A160183004DB312 /* DFPSwipeableBannerView.h */ = {isa = PBXFileReference; fileEncoding = 4; lastKnownFileType = sourcecode.c.h; path = DFPSwipeableBannerView.h; sourceTree = "<group>"; };
		69A22B5C1A160183004DB312 /* GADAdSizeDelegate.h */ = {isa = PBXFileReference; fileEncoding = 4; lastKnownFileType = sourcecode.c.h; path = GADAdSizeDelegate.h; sourceTree = "<group>"; };
		69A22B5D1A160183004DB312 /* GADAppEventDelegate.h */ = {isa = PBXFileReference; fileEncoding = 4; lastKnownFileType = sourcecode.c.h; path = GADAppEventDelegate.h; sourceTree = "<group>"; };
		69A22B5E1A160183004DB312 /* GADSwipeableBannerViewDelegate.h */ = {isa = PBXFileReference; fileEncoding = 4; lastKnownFileType = sourcecode.c.h; path = GADSwipeableBannerViewDelegate.h; sourceTree = "<group>"; };
		69A22B601A160183004DB312 /* GADCustomEventBanner.h */ = {isa = PBXFileReference; fileEncoding = 4; lastKnownFileType = sourcecode.c.h; path = GADCustomEventBanner.h; sourceTree = "<group>"; };
		69A22B611A160183004DB312 /* GADCustomEventBannerDelegate.h */ = {isa = PBXFileReference; fileEncoding = 4; lastKnownFileType = sourcecode.c.h; path = GADCustomEventBannerDelegate.h; sourceTree = "<group>"; };
		69A22B621A160183004DB312 /* GADCustomEventExtras.h */ = {isa = PBXFileReference; fileEncoding = 4; lastKnownFileType = sourcecode.c.h; path = GADCustomEventExtras.h; sourceTree = "<group>"; };
		69A22B631A160183004DB312 /* GADCustomEventInterstitial.h */ = {isa = PBXFileReference; fileEncoding = 4; lastKnownFileType = sourcecode.c.h; path = GADCustomEventInterstitial.h; sourceTree = "<group>"; };
		69A22B641A160183004DB312 /* GADCustomEventInterstitialDelegate.h */ = {isa = PBXFileReference; fileEncoding = 4; lastKnownFileType = sourcecode.c.h; path = GADCustomEventInterstitialDelegate.h; sourceTree = "<group>"; };
		69A22B651A160183004DB312 /* GADCustomEventRequest.h */ = {isa = PBXFileReference; fileEncoding = 4; lastKnownFileType = sourcecode.c.h; path = GADCustomEventRequest.h; sourceTree = "<group>"; };
		69A22B671A160183004DB312 /* GADSearchBannerView.h */ = {isa = PBXFileReference; fileEncoding = 4; lastKnownFileType = sourcecode.c.h; path = GADSearchBannerView.h; sourceTree = "<group>"; };
		69A22B681A160183004DB312 /* GADSearchRequest.h */ = {isa = PBXFileReference; fileEncoding = 4; lastKnownFileType = sourcecode.c.h; path = GADSearchRequest.h; sourceTree = "<group>"; };
		69A22B691A160183004DB312 /* GADAdMobExtras.h */ = {isa = PBXFileReference; fileEncoding = 4; lastKnownFileType = sourcecode.c.h; path = GADAdMobExtras.h; sourceTree = "<group>"; };
		69A22B6A1A160183004DB312 /* GADAdNetworkExtras.h */ = {isa = PBXFileReference; fileEncoding = 4; lastKnownFileType = sourcecode.c.h; path = GADAdNetworkExtras.h; sourceTree = "<group>"; };
		69A22B6B1A160183004DB312 /* GADAdSize.h */ = {isa = PBXFileReference; fileEncoding = 4; lastKnownFileType = sourcecode.c.h; path = GADAdSize.h; sourceTree = "<group>"; };
		69A22B6C1A160183004DB312 /* GADBannerView.h */ = {isa = PBXFileReference; fileEncoding = 4; lastKnownFileType = sourcecode.c.h; path = GADBannerView.h; sourceTree = "<group>"; };
		69A22B6D1A160183004DB312 /* GADBannerViewDelegate.h */ = {isa = PBXFileReference; fileEncoding = 4; lastKnownFileType = sourcecode.c.h; path = GADBannerViewDelegate.h; sourceTree = "<group>"; };
		69A22B6E1A160183004DB312 /* GADInAppPurchase.h */ = {isa = PBXFileReference; fileEncoding = 4; lastKnownFileType = sourcecode.c.h; path = GADInAppPurchase.h; sourceTree = "<group>"; };
		69A22B6F1A160183004DB312 /* GADInAppPurchaseDelegate.h */ = {isa = PBXFileReference; fileEncoding = 4; lastKnownFileType = sourcecode.c.h; path = GADInAppPurchaseDelegate.h; sourceTree = "<group>"; };
		69A22B701A160183004DB312 /* GADInterstitial.h */ = {isa = PBXFileReference; fileEncoding = 4; lastKnownFileType = sourcecode.c.h; path = GADInterstitial.h; sourceTree = "<group>"; };
		69A22B711A160183004DB312 /* GADInterstitialDelegate.h */ = {isa = PBXFileReference; fileEncoding = 4; lastKnownFileType = sourcecode.c.h; path = GADInterstitialDelegate.h; sourceTree = "<group>"; };
		69A22B721A160183004DB312 /* GADModules.h */ = {isa = PBXFileReference; fileEncoding = 4; lastKnownFileType = sourcecode.c.h; path = GADModules.h; sourceTree = "<group>"; };
		69A22B731A160183004DB312 /* GADRequest.h */ = {isa = PBXFileReference; fileEncoding = 4; lastKnownFileType = sourcecode.c.h; path = GADRequest.h; sourceTree = "<group>"; };
		69A22B741A160183004DB312 /* GADRequestError.h */ = {isa = PBXFileReference; fileEncoding = 4; lastKnownFileType = sourcecode.c.h; path = GADRequestError.h; sourceTree = "<group>"; };
		69A22B751A160183004DB312 /* libGoogleAdMobAds.a */ = {isa = PBXFileReference; lastKnownFileType = archive.ar; path = libGoogleAdMobAds.a; sourceTree = "<group>"; };
		69A22B761A160183004DB312 /* README.txt */ = {isa = PBXFileReference; fileEncoding = 4; lastKnownFileType = text; path = README.txt; sourceTree = "<group>"; };
		69A22B791A1601A7004DB312 /* EventKit.framework */ = {isa = PBXFileReference; lastKnownFileType = wrapper.framework; name = EventKit.framework; path = System/Library/Frameworks/EventKit.framework; sourceTree = SDKROOT; };
		69A22B7A1A1601A7004DB312 /* EventKitUI.framework */ = {isa = PBXFileReference; lastKnownFileType = wrapper.framework; name = EventKitUI.framework; path = System/Library/Frameworks/EventKitUI.framework; sourceTree = SDKROOT; };
		69A22B811A17D00C004DB312 /* Traffic_Widget.appex */ = {isa = PBXFileReference; explicitFileType = "wrapper.app-extension"; includeInIndex = 0; path = Traffic_Widget.appex; sourceTree = BUILT_PRODUCTS_DIR; };
		69A22B821A17D00C004DB312 /* NotificationCenter.framework */ = {isa = PBXFileReference; lastKnownFileType = wrapper.framework; name = NotificationCenter.framework; path = System/Library/Frameworks/NotificationCenter.framework; sourceTree = SDKROOT; };
		69A22B861A17D00C004DB312 /* Info.plist */ = {isa = PBXFileReference; lastKnownFileType = text.plist.xml; path = Info.plist; sourceTree = "<group>"; };
		69A22B871A17D00C004DB312 /* TodayViewController.swift */ = {isa = PBXFileReference; lastKnownFileType = sourcecode.swift; path = TodayViewController.swift; sourceTree = "<group>"; };
		69A22B891A17D00C004DB312 /* MainInterface.storyboard */ = {isa = PBXFileReference; lastKnownFileType = file.storyboard; path = MainInterface.storyboard; sourceTree = "<group>"; };
		69A22B951A17D934004DB312 /* Traffic_Widget.entitlements */ = {isa = PBXFileReference; lastKnownFileType = text.xml; path = Traffic_Widget.entitlements; sourceTree = "<group>"; };
		69A22B961A17DB08004DB312 /* SMS Dubai Roads.entitlements */ = {isa = PBXFileReference; lastKnownFileType = text.xml; path = "SMS Dubai Roads.entitlements"; sourceTree = "<group>"; };
		69A22B971A17E285004DB312 /* trafficmap.html */ = {isa = PBXFileReference; fileEncoding = 4; lastKnownFileType = text.html; path = trafficmap.html; sourceTree = "<group>"; };
		69A22B981A17E285004DB312 /* TemplateIcon2x.png */ = {isa = PBXFileReference; lastKnownFileType = image.png; path = TemplateIcon2x.png; sourceTree = "<group>"; };
		69A3C69B15FA8ECD00CABD7B /* Default@2x.png */ = {isa = PBXFileReference; lastKnownFileType = image.png; path = "Default@2x.png"; sourceTree = "<group>"; };
		69A3C69E15FA8EF900CABD7B /* Default.png */ = {isa = PBXFileReference; lastKnownFileType = image.png; path = Default.png; sourceTree = "<group>"; };
		69A3C6A015FA91CE00CABD7B /* icon_mail.png */ = {isa = PBXFileReference; lastKnownFileType = image.png; path = icon_mail.png; sourceTree = "<group>"; };
		69A3C6A115FA91CE00CABD7B /* icon_settings.png */ = {isa = PBXFileReference; lastKnownFileType = image.png; path = icon_settings.png; sourceTree = "<group>"; };
		69CBDEA717FB19720076988A /* History.xcdatamodel */ = {isa = PBXFileReference; lastKnownFileType = wrapper.xcdatamodel; path = History.xcdatamodel; sourceTree = "<group>"; };
		69F86B971AE1808400F265E5 /* Flurry.h */ = {isa = PBXFileReference; fileEncoding = 4; lastKnownFileType = sourcecode.c.h; path = Flurry.h; sourceTree = "<group>"; };
		69F86B981AE1808400F265E5 /* libFlurry_6.3.0.a */ = {isa = PBXFileReference; lastKnownFileType = archive.ar; path = libFlurry_6.3.0.a; sourceTree = "<group>"; };
		9DE11E8F6BC0C86E5735946E /* Pods.debug.xcconfig */ = {isa = PBXFileReference; includeInIndex = 1; lastKnownFileType = text.xcconfig; name = Pods.debug.xcconfig; path = "Pods/Target Support Files/Pods/Pods.debug.xcconfig"; sourceTree = "<group>"; };
		F53E9CA41C31A21500BE91BD /* StartApp.bundle */ = {isa = PBXFileReference; lastKnownFileType = "wrapper.plug-in"; path = StartApp.bundle; sourceTree = "<group>"; };
		F53E9CA51C31A21500BE91BD /* StartApp.framework */ = {isa = PBXFileReference; lastKnownFileType = wrapper.framework; path = StartApp.framework; sourceTree = "<group>"; };
		F5993C611B7B9ACD00F23F68 /* CoreMedia.framework */ = {isa = PBXFileReference; lastKnownFileType = wrapper.framework; name = CoreMedia.framework; path = System/Library/Frameworks/CoreMedia.framework; sourceTree = SDKROOT; };
/* End PBXFileReference section */

/* Begin PBXFrameworksBuildPhase section */
		692FA38515CD8E65008D5421 /* Frameworks */ = {
			isa = PBXFrameworksBuildPhase;
			buildActionMask = 2147483647;
			files = (
				692B39F91696F4FE005B1403 /* libz.dylib in Frameworks */,
				692B39F31696F4C0005B1403 /* AVFoundation.framework in Frameworks */,
				F5993C621B7B9ACD00F23F68 /* CoreMedia.framework in Frameworks */,
				692B39FD1696F55B005B1403 /* QuartzCore.framework in Frameworks */,
				692B3BE61698CD8C005B1403 /* AdSupport.framework in Frameworks */,
				692B3BE41698CD76005B1403 /* StoreKit.framework in Frameworks */,
				692FA39115CD8E65008D5421 /* CoreGraphics.framework in Frameworks */,
				692E8AA5166EAD0C0010C2A4 /* SystemConfiguration.framework in Frameworks */,
				69945E05194E2C77004CD5CF /* CoreTelephony.framework in Frameworks */,
				69A22B7B1A1601A7004DB312 /* EventKit.framework in Frameworks */,
				69A22B7C1A1601A7004DB312 /* EventKitUI.framework in Frameworks */,
				696304DE180ECF9C00067AE8 /* Security.framework in Frameworks */,
				696A137C1800827400BDC345 /* CoreData.framework in Frameworks */,
				F53E9CA71C31A21500BE91BD /* StartApp.framework in Frameworks */,
				69F86B991AE1808400F265E5 /* libFlurry_6.3.0.a in Frameworks */,
				692B39FB1696F50A005B1403 /* MapKit.framework in Frameworks */,
				692B39F71696F4F3005B1403 /* libsqlite3.dylib in Frameworks */,
				692B39F51696F4D2005B1403 /* CoreLocation.framework in Frameworks */,
				69A22B771A160183004DB312 /* libGoogleAdMobAds.a in Frameworks */,
				692B39F11696F4B2005B1403 /* AudioToolbox.framework in Frameworks */,
				692B39EE1696F4A0005B1403 /* AddressBook.framework in Frameworks */,
				69503A45169627C1001E1939 /* iAd.framework in Frameworks */,
				692FA3C415CDAE31008D5421 /* MessageUI.framework in Frameworks */,
				692FA38D15CD8E65008D5421 /* UIKit.framework in Frameworks */,
				692FA38F15CD8E65008D5421 /* Foundation.framework in Frameworks */,
				EAE29FF5E4C7473232A7E696 /* libPods.a in Frameworks */,
			);
			runOnlyForDeploymentPostprocessing = 0;
		};
		69A22B7E1A17D00C004DB312 /* Frameworks */ = {
			isa = PBXFrameworksBuildPhase;
			buildActionMask = 2147483647;
			files = (
				69A22B831A17D00C004DB312 /* NotificationCenter.framework in Frameworks */,
			);
			runOnlyForDeploymentPostprocessing = 0;
		};
/* End PBXFrameworksBuildPhase section */

/* Begin PBXGroup section */
		692B39FE1696F5EA005B1403 /* SDK */ = {
			isa = PBXGroup;
			children = (
				692B3BE71699F38C005B1403 /* LibAdapterIAd-Oct42012 */,
			);
			name = SDK;
			path = Flurry;
			sourceTree = "<group>";
		};
		692B3BE71699F38C005B1403 /* LibAdapterIAd-Oct42012 */ = {
			isa = PBXGroup;
			children = (
				692B3BE81699F38D005B1403 /* libAdapterIAd.a */,
			);
			path = "LibAdapterIAd-Oct42012";
			sourceTree = "<group>";
		};
		692FA37D15CD8E65008D5421 = {
			isa = PBXGroup;
			children = (
				69F86B961AE1808400F265E5 /* Flurry */,
				69937C73194D044E00EFBD33 /* 3rd Party */,
				693A8D76180C1BF600F70C7C /* INAppHelper */,
				692B39FE1696F5EA005B1403 /* SDK */,
				698B05CE15FD41E600A8E34C /* Images */,
				692FA39215CD8E65008D5421 /* SMS Dubai Roads */,
				69A22B841A17D00C004DB312 /* Traffic_Widget */,
				692FA38B15CD8E65008D5421 /* Frameworks */,
				692FA38915CD8E65008D5421 /* Products */,
				C9E4DF4020C9D3D94EAE0FFA /* Pods */,
			);
			sourceTree = "<group>";
		};
		692FA38915CD8E65008D5421 /* Products */ = {
			isa = PBXGroup;
			children = (
				692FA38815CD8E65008D5421 /* SMS Dubai Roads.app */,
				69A22B811A17D00C004DB312 /* Traffic_Widget.appex */,
			);
			name = Products;
			sourceTree = "<group>";
		};
		692FA38B15CD8E65008D5421 /* Frameworks */ = {
			isa = PBXGroup;
			children = (
				F5993C611B7B9ACD00F23F68 /* CoreMedia.framework */,
				69A22B791A1601A7004DB312 /* EventKit.framework */,
				69A22B7A1A1601A7004DB312 /* EventKitUI.framework */,
				69945E04194E2C77004CD5CF /* CoreTelephony.framework */,
				696304DD180ECF9C00067AE8 /* Security.framework */,
				696A137B1800827400BDC345 /* CoreData.framework */,
				692B3BE51698CD8C005B1403 /* AdSupport.framework */,
				692B3BE31698CD76005B1403 /* StoreKit.framework */,
				692B39FC1696F55B005B1403 /* QuartzCore.framework */,
				692B39FA1696F50A005B1403 /* MapKit.framework */,
				692B39F81696F4FE005B1403 /* libz.dylib */,
				692B39F61696F4F3005B1403 /* libsqlite3.dylib */,
				692B39F41696F4D2005B1403 /* CoreLocation.framework */,
				692B39F21696F4C0005B1403 /* AVFoundation.framework */,
				692B39F01696F4B2005B1403 /* AudioToolbox.framework */,
				692B39ED1696F4A0005B1403 /* AddressBook.framework */,
				69503A44169627C1001E1939 /* iAd.framework */,
				692E8AA4166EAD0B0010C2A4 /* SystemConfiguration.framework */,
				692FA3C315CDAE31008D5421 /* MessageUI.framework */,
				692FA38C15CD8E65008D5421 /* UIKit.framework */,
				692FA38E15CD8E65008D5421 /* Foundation.framework */,
				692FA39015CD8E65008D5421 /* CoreGraphics.framework */,
				69A22B821A17D00C004DB312 /* NotificationCenter.framework */,
				24DD8CCD0C8202408242DBBC /* libPods.a */,
			);
			name = Frameworks;
			sourceTree = "<group>";
		};
		692FA39215CD8E65008D5421 /* SMS Dubai Roads */ = {
			isa = PBXGroup;
			children = (
				69A22B961A17DB08004DB312 /* SMS Dubai Roads.entitlements */,
				69945E09194E35F6004CD5CF /* salikwebViewController.h */,
				69945E0A194E35F6004CD5CF /* salikwebViewController.m */,
				696A137D1800869F00BDC345 /* SalikhistoryViewController.h */,
				696A137E180086A000BDC345 /* SalikhistoryViewController.m */,
				69945E06194E33F0004CD5CF /* salikweb_rechargeViewController.h */,
				69945E07194E33F0004CD5CF /* salikweb_rechargeViewController.m */,
				692FA3B415CD95AC008D5421 /* SalikViewController.h */,
				692FA3B515CD95AC008D5421 /* SalikViewController.m */,
				692FA3B715CD95C1008D5421 /* DubaiParkingViewController.h */,
				692FA3B815CD95C1008D5421 /* DubaiParkingViewController.m */,
				696A1380180086D100BDC345 /* ParkinghistoryViewController.h */,
				696A1381180086D100BDC345 /* ParkinghistoryViewController.m */,
				692FA3BA15CD95E2008D5421 /* DefaultsViewController.h */,
				692FA3BB15CD95E2008D5421 /* DefaultsViewController.m */,
				692FA39B15CD8E65008D5421 /* AppDelegate.h */,
				692FA39C15CD8E65008D5421 /* AppDelegate.m */,
				696E2DC11A13BECC00B3B2AA /* TrafficViewController.h */,
				696E2DC21A13BECC00B3B2AA /* TrafficViewController.m */,
				692FA39E15CD8E65008D5421 /* MainStoryboard.storyboard */,
				692FA3A115CD8E65008D5421 /* FirstViewController.h */,
				692FA3A215CD8E65008D5421 /* FirstViewController.m */,
				69CBDEA617FB19720076988A /* History.xcdatamodeld */,
				696304DF180EE95E00067AE8 /* salikhistoryCell.h */,
				696304E0180EE95E00067AE8 /* salikhistoryCell.m */,
				696304E218106C2D00067AE8 /* ParkinghistoryCell.h */,
				696304E318106C2D00067AE8 /* ParkinghistoryCell.m */,
				692582E71A113AB200643A08 /* Images.xcassets */,
				692FA39315CD8E65008D5421 /* Supporting Files */,
			);
			path = "SMS Dubai Roads";
			sourceTree = "<group>";
		};
		692FA39315CD8E65008D5421 /* Supporting Files */ = {
			isa = PBXGroup;
			children = (
				692FA3C115CDA13C008D5421 /* Settings.bundle */,
				692FA39415CD8E65008D5421 /* SMS Dubai Roads-Info.plist */,
				692FA39515CD8E65008D5421 /* InfoPlist.strings */,
				692FA39815CD8E65008D5421 /* main.m */,
				692FA39A15CD8E65008D5421 /* SMS Dubai Roads-Prefix.pch */,
				696E2DC41A13C10D00B3B2AA /* googlemaps.html */,
				696E2DC51A13C10D00B3B2AA /* TemplateIcon2x.png */,
			);
			name = "Supporting Files";
			sourceTree = "<group>";
		};
		693A8D76180C1BF600F70C7C /* INAppHelper */ = {
			isa = PBXGroup;
			children = (
				693A8D73180C1BE400F70C7C /* UpgradeViewController.h */,
				693A8D74180C1BE400F70C7C /* UpgradeViewController.m */,
			);
			name = INAppHelper;
			sourceTree = "<group>";
		};
		6959EC321A9621A300A082F4 /* StartApp */ = {
			isa = PBXGroup;
			children = (
				F53E9CA41C31A21500BE91BD /* StartApp.bundle */,
				F53E9CA51C31A21500BE91BD /* StartApp.framework */,
			);
			name = StartApp;
			sourceTree = "<group>";
		};
		698B05CE15FD41E600A8E34C /* Images */ = {
			isa = PBXGroup;
			children = (
				692B3BEC1699F86C005B1403 /* Default-568h@2x.png */,
				698B05DE15FD58D200A8E34C /* back.png */,
				698B05DA15FD552300A8E34C /* navbar.png */,
				698B05CF15FD428B00A8E34C /* IconsLarge.png */,
				692FA3C515CDB8C3008D5421 /* Icon.png */,
				698B05CA15FD269E00A8E34C /* save button-72x37.png */,
				698B05C815FD267B00A8E34C /* salikbigbutton-180x83.png */,
				698B05C515FD266500A8E34C /* sendsmsbutton-263x37.png */,
				69A3C6A015FA91CE00CABD7B /* icon_mail.png */,
				69A3C6A115FA91CE00CABD7B /* icon_settings.png */,
				69A3C69B15FA8ECD00CABD7B /* Default@2x.png */,
				69A3C69E15FA8EF900CABD7B /* Default.png */,
				698B05CC15FD380700A8E34C /* icon_information.png */,
			);
			name = Images;
			sourceTree = "<group>";
		};
		69937C73194D044E00EFBD33 /* 3rd Party */ = {
			isa = PBXGroup;
			children = (
				6959EC321A9621A300A082F4 /* StartApp */,
				69A22B551A160183004DB312 /* GoogleMobileAdsSdkiOS-6.12.2 */,
			);
			name = "3rd Party";
			sourceTree = "<group>";
		};
		69A22B551A160183004DB312 /* GoogleMobileAdsSdkiOS-6.12.2 */ = {
			isa = PBXGroup;
			children = (
				69A22B561A160183004DB312 /* Add-ons */,
				69A22B691A160183004DB312 /* GADAdMobExtras.h */,
				69A22B6A1A160183004DB312 /* GADAdNetworkExtras.h */,
				69A22B6B1A160183004DB312 /* GADAdSize.h */,
				69A22B6C1A160183004DB312 /* GADBannerView.h */,
				69A22B6D1A160183004DB312 /* GADBannerViewDelegate.h */,
				69A22B6E1A160183004DB312 /* GADInAppPurchase.h */,
				69A22B6F1A160183004DB312 /* GADInAppPurchaseDelegate.h */,
				69A22B701A160183004DB312 /* GADInterstitial.h */,
				69A22B711A160183004DB312 /* GADInterstitialDelegate.h */,
				69A22B721A160183004DB312 /* GADModules.h */,
				69A22B731A160183004DB312 /* GADRequest.h */,
				69A22B741A160183004DB312 /* GADRequestError.h */,
				69A22B751A160183004DB312 /* libGoogleAdMobAds.a */,
				69A22B761A160183004DB312 /* README.txt */,
			);
			path = "GoogleMobileAdsSdkiOS-6.12.2";
			sourceTree = "<group>";
		};
		69A22B561A160183004DB312 /* Add-ons */ = {
			isa = PBXGroup;
			children = (
				69A22B571A160183004DB312 /* DoubleClick */,
				69A22B5F1A160183004DB312 /* Mediation */,
				69A22B661A160183004DB312 /* Search */,
			);
			path = "Add-ons";
			sourceTree = "<group>";
		};
		69A22B571A160183004DB312 /* DoubleClick */ = {
			isa = PBXGroup;
			children = (
				69A22B581A160183004DB312 /* DFPBannerView.h */,
				69A22B591A160183004DB312 /* DFPExtras.h */,
				69A22B5A1A160183004DB312 /* DFPInterstitial.h */,
				69A22B5B1A160183004DB312 /* DFPSwipeableBannerView.h */,
				69A22B5C1A160183004DB312 /* GADAdSizeDelegate.h */,
				69A22B5D1A160183004DB312 /* GADAppEventDelegate.h */,
				69A22B5E1A160183004DB312 /* GADSwipeableBannerViewDelegate.h */,
			);
			path = DoubleClick;
			sourceTree = "<group>";
		};
		69A22B5F1A160183004DB312 /* Mediation */ = {
			isa = PBXGroup;
			children = (
				69A22B601A160183004DB312 /* GADCustomEventBanner.h */,
				69A22B611A160183004DB312 /* GADCustomEventBannerDelegate.h */,
				69A22B621A160183004DB312 /* GADCustomEventExtras.h */,
				69A22B631A160183004DB312 /* GADCustomEventInterstitial.h */,
				69A22B641A160183004DB312 /* GADCustomEventInterstitialDelegate.h */,
				69A22B651A160183004DB312 /* GADCustomEventRequest.h */,
			);
			path = Mediation;
			sourceTree = "<group>";
		};
		69A22B661A160183004DB312 /* Search */ = {
			isa = PBXGroup;
			children = (
				69A22B671A160183004DB312 /* GADSearchBannerView.h */,
				69A22B681A160183004DB312 /* GADSearchRequest.h */,
			);
			path = Search;
			sourceTree = "<group>";
		};
		69A22B841A17D00C004DB312 /* Traffic_Widget */ = {
			isa = PBXGroup;
			children = (
				69A22B951A17D934004DB312 /* Traffic_Widget.entitlements */,
				69A22B871A17D00C004DB312 /* TodayViewController.swift */,
				69A22B891A17D00C004DB312 /* MainInterface.storyboard */,
				69A22B851A17D00C004DB312 /* Supporting Files */,
			);
			path = Traffic_Widget;
			sourceTree = "<group>";
		};
		69A22B851A17D00C004DB312 /* Supporting Files */ = {
			isa = PBXGroup;
			children = (
				69A22B861A17D00C004DB312 /* Info.plist */,
				69A22B971A17E285004DB312 /* trafficmap.html */,
				69A22B981A17E285004DB312 /* TemplateIcon2x.png */,
			);
			name = "Supporting Files";
			sourceTree = "<group>";
		};
		69F86B961AE1808400F265E5 /* Flurry */ = {
			isa = PBXGroup;
			children = (
				69F86B971AE1808400F265E5 /* Flurry.h */,
				69F86B981AE1808400F265E5 /* libFlurry_6.3.0.a */,
			);
			path = Flurry;
			sourceTree = "<group>";
		};
		C9E4DF4020C9D3D94EAE0FFA /* Pods */ = {
			isa = PBXGroup;
			children = (
				9DE11E8F6BC0C86E5735946E /* Pods.debug.xcconfig */,
				5B9376EA9584D5AFD25FE90A /* Pods.release.xcconfig */,
				2BBE276F980BF3BB3FD81010 /* Pods.ad hoc.xcconfig */,
			);
			name = Pods;
			sourceTree = "<group>";
		};
/* End PBXGroup section */

/* Begin PBXNativeTarget section */
		692FA38715CD8E65008D5421 /* SMS Dubai Roads */ = {
			isa = PBXNativeTarget;
			buildConfigurationList = 692FA3B115CD8E66008D5421 /* Build configuration list for PBXNativeTarget "SMS Dubai Roads" */;
			buildPhases = (
				0F4C54C664BB317B548DBE97 /* Check Pods Manifest.lock */,
				692FA38415CD8E65008D5421 /* Sources */,
				692FA38515CD8E65008D5421 /* Frameworks */,
				692FA38615CD8E65008D5421 /* Resources */,
				69A22B8D1A17D00C004DB312 /* Embed App Extensions */,
				AC0C50F3EEB4FF1B1CB0BC8B /* Embed Pods Frameworks */,
				8138D2AA11CE3CC8CCF5BDB6 /* Copy Pods Resources */,
			);
			buildRules = (
			);
			dependencies = (
				69A22B8C1A17D00C004DB312 /* PBXTargetDependency */,
				69A22B901A17D00C004DB312 /* PBXTargetDependency */,
			);
			name = "SMS Dubai Roads";
			productName = "SMS Dubai Roads";
			productReference = 692FA38815CD8E65008D5421 /* SMS Dubai Roads.app */;
			productType = "com.apple.product-type.application";
		};
		69A22B801A17D00C004DB312 /* Traffic_Widget */ = {
			isa = PBXNativeTarget;
			buildConfigurationList = 69A22B911A17D00D004DB312 /* Build configuration list for PBXNativeTarget "Traffic_Widget" */;
			buildPhases = (
				69A22B7D1A17D00C004DB312 /* Sources */,
				69A22B7E1A17D00C004DB312 /* Frameworks */,
				69A22B7F1A17D00C004DB312 /* Resources */,
			);
			buildRules = (
			);
			dependencies = (
			);
			name = Traffic_Widget;
			productName = Traffic_Widget;
			productReference = 69A22B811A17D00C004DB312 /* Traffic_Widget.appex */;
			productType = "com.apple.product-type.app-extension";
		};
/* End PBXNativeTarget section */

/* Begin PBXProject section */
		692FA37F15CD8E65008D5421 /* Project object */ = {
			isa = PBXProject;
			attributes = {
				LastSwiftUpdateCheck = 0720;
				LastUpgradeCheck = 0630;
				ORGANIZATIONNAME = "Tamer Alaa";
				TargetAttributes = {
					692FA38715CD8E65008D5421 = {
						DevelopmentTeam = 6VJ733SKX8;
						SystemCapabilities = {
							com.apple.ApplicationGroups.iOS = {
								enabled = 1;
							};
						};
					};
					69A22B801A17D00C004DB312 = {
						CreatedOnToolsVersion = 6.0.1;
						DevelopmentTeam = 6VJ733SKX8;
						SystemCapabilities = {
							com.apple.ApplicationGroups.iOS = {
								enabled = 1;
							};
						};
					};
				};
			};
			buildConfigurationList = 692FA38215CD8E65008D5421 /* Build configuration list for PBXProject "SMS Dubai Roads" */;
			compatibilityVersion = "Xcode 3.2";
			developmentRegion = English;
			hasScannedForEncodings = 0;
			knownRegions = (
				en,
			);
			mainGroup = 692FA37D15CD8E65008D5421;
			productRefGroup = 692FA38915CD8E65008D5421 /* Products */;
			projectDirPath = "";
			projectRoot = "";
			targets = (
				692FA38715CD8E65008D5421 /* SMS Dubai Roads */,
				69A22B801A17D00C004DB312 /* Traffic_Widget */,
			);
		};
/* End PBXProject section */

/* Begin PBXResourcesBuildPhase section */
		692FA38615CD8E65008D5421 /* Resources */ = {
			isa = PBXResourcesBuildPhase;
			buildActionMask = 2147483647;
			files = (
				696E2DC71A13C10D00B3B2AA /* TemplateIcon2x.png in Resources */,
				692FA39715CD8E65008D5421 /* InfoPlist.strings in Resources */,
				692FA3A015CD8E65008D5421 /* MainStoryboard.storyboard in Resources */,
				692FA3C215CDA13C008D5421 /* Settings.bundle in Resources */,
				692FA3C615CDB8C3008D5421 /* Icon.png in Resources */,
				69A3C69C15FA8ECD00CABD7B /* Default@2x.png in Resources */,
				69A3C69F15FA8EF900CABD7B /* Default.png in Resources */,
				69A3C6A215FA91CE00CABD7B /* icon_mail.png in Resources */,
				F53E9CA61C31A21500BE91BD /* StartApp.bundle in Resources */,
				69A3C6A315FA91CE00CABD7B /* icon_settings.png in Resources */,
				692582E81A113AB200643A08 /* Images.xcassets in Resources */,
				698B05C615FD266500A8E34C /* sendsmsbutton-263x37.png in Resources */,
				698B05C915FD267B00A8E34C /* salikbigbutton-180x83.png in Resources */,
				698B05CB15FD269E00A8E34C /* save button-72x37.png in Resources */,
				698B05CD15FD380700A8E34C /* icon_information.png in Resources */,
				69A22B781A160183004DB312 /* README.txt in Resources */,
				698B05D015FD428B00A8E34C /* IconsLarge.png in Resources */,
				698B05DB15FD552300A8E34C /* navbar.png in Resources */,
				696E2DC61A13C10D00B3B2AA /* googlemaps.html in Resources */,
				698B05DF15FD58D200A8E34C /* back.png in Resources */,
				692B3BED1699F86C005B1403 /* Default-568h@2x.png in Resources */,
			);
			runOnlyForDeploymentPostprocessing = 0;
		};
		69A22B7F1A17D00C004DB312 /* Resources */ = {
			isa = PBXResourcesBuildPhase;
			buildActionMask = 2147483647;
			files = (
				69A22B8A1A17D00C004DB312 /* MainInterface.storyboard in Resources */,
				69A22B991A17E285004DB312 /* trafficmap.html in Resources */,
				69A22B9A1A17E285004DB312 /* TemplateIcon2x.png in Resources */,
			);
			runOnlyForDeploymentPostprocessing = 0;
		};
/* End PBXResourcesBuildPhase section */

/* Begin PBXShellScriptBuildPhase section */
		0F4C54C664BB317B548DBE97 /* Check Pods Manifest.lock */ = {
			isa = PBXShellScriptBuildPhase;
			buildActionMask = 2147483647;
			files = (
			);
			inputPaths = (
			);
			name = "Check Pods Manifest.lock";
			outputPaths = (
			);
			runOnlyForDeploymentPostprocessing = 0;
			shellPath = /bin/sh;
			shellScript = "diff \"${PODS_ROOT}/../Podfile.lock\" \"${PODS_ROOT}/Manifest.lock\" > /dev/null\nif [[ $? != 0 ]] ; then\n    cat << EOM\nerror: The sandbox is not in sync with the Podfile.lock. Run 'pod install' or update your CocoaPods installation.\nEOM\n    exit 1\nfi\n";
			showEnvVarsInLog = 0;
		};
		8138D2AA11CE3CC8CCF5BDB6 /* Copy Pods Resources */ = {
			isa = PBXShellScriptBuildPhase;
			buildActionMask = 2147483647;
			files = (
			);
			inputPaths = (
			);
			name = "Copy Pods Resources";
			outputPaths = (
			);
			runOnlyForDeploymentPostprocessing = 0;
			shellPath = /bin/sh;
			shellScript = "\"${SRCROOT}/Pods/Target Support Files/Pods/Pods-resources.sh\"\n";
			showEnvVarsInLog = 0;
		};
		AC0C50F3EEB4FF1B1CB0BC8B /* Embed Pods Frameworks */ = {
			isa = PBXShellScriptBuildPhase;
			buildActionMask = 2147483647;
			files = (
			);
			inputPaths = (
			);
			name = "Embed Pods Frameworks";
			outputPaths = (
			);
			runOnlyForDeploymentPostprocessing = 0;
			shellPath = /bin/sh;
			shellScript = "\"${SRCROOT}/Pods/Target Support Files/Pods/Pods-frameworks.sh\"\n";
			showEnvVarsInLog = 0;
		};
/* End PBXShellScriptBuildPhase section */

/* Begin PBXSourcesBuildPhase section */
		692FA38415CD8E65008D5421 /* Sources */ = {
			isa = PBXSourcesBuildPhase;
			buildActionMask = 2147483647;
			files = (
				692FA39915CD8E65008D5421 /* main.m in Sources */,
				696A1382180086D200BDC345 /* ParkinghistoryViewController.m in Sources */,
				692FA39D15CD8E65008D5421 /* AppDelegate.m in Sources */,
				696E2DC31A13BECC00B3B2AA /* TrafficViewController.m in Sources */,
				692FA3A315CD8E65008D5421 /* FirstViewController.m in Sources */,
				69945E0B194E35F6004CD5CF /* salikwebViewController.m in Sources */,
				692FA3B615CD95AC008D5421 /* SalikViewController.m in Sources */,
				696304E418106C2D00067AE8 /* ParkinghistoryCell.m in Sources */,
				69945E08194E33F0004CD5CF /* salikweb_rechargeViewController.m in Sources */,
				696304E1180EE95E00067AE8 /* salikhistoryCell.m in Sources */,
				696A137F180086A000BDC345 /* SalikhistoryViewController.m in Sources */,
				692FA3B915CD95C1008D5421 /* DubaiParkingViewController.m in Sources */,
				693A8D75180C1BE400F70C7C /* UpgradeViewController.m in Sources */,
				69CBDEA817FB19720076988A /* History.xcdatamodeld in Sources */,
				692FA3BC15CD95E2008D5421 /* DefaultsViewController.m in Sources */,
			);
			runOnlyForDeploymentPostprocessing = 0;
		};
		69A22B7D1A17D00C004DB312 /* Sources */ = {
			isa = PBXSourcesBuildPhase;
			buildActionMask = 2147483647;
			files = (
				69A22B881A17D00C004DB312 /* TodayViewController.swift in Sources */,
			);
			runOnlyForDeploymentPostprocessing = 0;
		};
/* End PBXSourcesBuildPhase section */

/* Begin PBXTargetDependency section */
		69A22B8C1A17D00C004DB312 /* PBXTargetDependency */ = {
			isa = PBXTargetDependency;
			target = 69A22B801A17D00C004DB312 /* Traffic_Widget */;
			targetProxy = 69A22B8B1A17D00C004DB312 /* PBXContainerItemProxy */;
		};
		69A22B901A17D00C004DB312 /* PBXTargetDependency */ = {
			isa = PBXTargetDependency;
			target = 69A22B801A17D00C004DB312 /* Traffic_Widget */;
			targetProxy = 69A22B8F1A17D00C004DB312 /* PBXContainerItemProxy */;
		};
/* End PBXTargetDependency section */

/* Begin PBXVariantGroup section */
		692FA39515CD8E65008D5421 /* InfoPlist.strings */ = {
			isa = PBXVariantGroup;
			children = (
				692FA39615CD8E65008D5421 /* en */,
			);
			name = InfoPlist.strings;
			sourceTree = "<group>";
		};
		692FA39E15CD8E65008D5421 /* MainStoryboard.storyboard */ = {
			isa = PBXVariantGroup;
			children = (
				692FA39F15CD8E65008D5421 /* en */,
			);
			name = MainStoryboard.storyboard;
			sourceTree = "<group>";
		};
/* End PBXVariantGroup section */

/* Begin XCBuildConfiguration section */
		692FA3AF15CD8E66008D5421 /* Debug */ = {
			isa = XCBuildConfiguration;
			buildSettings = {
				ALWAYS_SEARCH_USER_PATHS = NO;
				CLANG_CXX_LANGUAGE_STANDARD = "gnu++0x";
				CLANG_ENABLE_OBJC_ARC = YES;
				CLANG_WARN_BOOL_CONVERSION = YES;
				CLANG_WARN_CONSTANT_CONVERSION = YES;
				CLANG_WARN_EMPTY_BODY = YES;
				CLANG_WARN_ENUM_CONVERSION = YES;
				CLANG_WARN_INT_CONVERSION = YES;
				CLANG_WARN_UNREACHABLE_CODE = YES;
				CLANG_WARN__DUPLICATE_METHOD_MATCH = YES;
				CODE_SIGN_IDENTITY = "iPhone Distribution: Tamer Alaa";
				"CODE_SIGN_IDENTITY[sdk=iphoneos*]" = "iPhone Distribution: Tamer Alaa";
				COPY_PHASE_STRIP = NO;
				EMBEDDED_CONTENT_CONTAINS_SWIFT = NO;
				ENABLE_STRICT_OBJC_MSGSEND = YES;
				GCC_C_LANGUAGE_STANDARD = gnu99;
				GCC_DYNAMIC_NO_PIC = NO;
				GCC_NO_COMMON_BLOCKS = YES;
				GCC_OPTIMIZATION_LEVEL = 0;
				GCC_PREPROCESSOR_DEFINITIONS = (
					"DEBUG=1",
					"$(inherited)",
				);
				GCC_SYMBOLS_PRIVATE_EXTERN = NO;
				GCC_VERSION = com.apple.compilers.llvm.clang.1_0;
				GCC_WARN_64_TO_32_BIT_CONVERSION = YES;
				GCC_WARN_ABOUT_RETURN_TYPE = YES;
				GCC_WARN_UNDECLARED_SELECTOR = YES;
				GCC_WARN_UNINITIALIZED_AUTOS = YES;
				GCC_WARN_UNUSED_FUNCTION = YES;
				GCC_WARN_UNUSED_VARIABLE = YES;
				IPHONEOS_DEPLOYMENT_TARGET = 8.2;
				ONLY_ACTIVE_ARCH = YES;
				PROVISIONING_PROFILE = "";
				"PROVISIONING_PROFILE[sdk=iphoneos*]" = "";
				SDKROOT = iphoneos;
			};
			name = Debug;
		};
		692FA3B015CD8E66008D5421 /* Release */ = {
			isa = XCBuildConfiguration;
			buildSettings = {
				ALWAYS_SEARCH_USER_PATHS = NO;
				CLANG_CXX_LANGUAGE_STANDARD = "gnu++0x";
				CLANG_ENABLE_OBJC_ARC = YES;
				CLANG_WARN_BOOL_CONVERSION = YES;
				CLANG_WARN_CONSTANT_CONVERSION = YES;
				CLANG_WARN_EMPTY_BODY = YES;
				CLANG_WARN_ENUM_CONVERSION = YES;
				CLANG_WARN_INT_CONVERSION = YES;
				CLANG_WARN_UNREACHABLE_CODE = YES;
				CLANG_WARN__DUPLICATE_METHOD_MATCH = YES;
				CODE_SIGN_IDENTITY = "iPhone Distribution: Tamer Alaa";
				"CODE_SIGN_IDENTITY[sdk=iphoneos*]" = "iPhone Distribution: Tamer Alaa";
				COPY_PHASE_STRIP = YES;
				EMBEDDED_CONTENT_CONTAINS_SWIFT = NO;
				ENABLE_STRICT_OBJC_MSGSEND = YES;
				GCC_C_LANGUAGE_STANDARD = gnu99;
				GCC_NO_COMMON_BLOCKS = YES;
				GCC_VERSION = com.apple.compilers.llvm.clang.1_0;
				GCC_WARN_64_TO_32_BIT_CONVERSION = YES;
				GCC_WARN_ABOUT_RETURN_TYPE = YES;
				GCC_WARN_UNDECLARED_SELECTOR = YES;
				GCC_WARN_UNINITIALIZED_AUTOS = YES;
				GCC_WARN_UNUSED_FUNCTION = YES;
				GCC_WARN_UNUSED_VARIABLE = YES;
				IPHONEOS_DEPLOYMENT_TARGET = 8.2;
				ONLY_ACTIVE_ARCH = YES;
				OTHER_CFLAGS = "-DNS_BLOCK_ASSERTIONS=1";
				PROVISIONING_PROFILE = "";
				"PROVISIONING_PROFILE[sdk=iphoneos*]" = "";
				SDKROOT = iphoneos;
				VALIDATE_PRODUCT = YES;
			};
			name = Release;
		};
		692FA3B215CD8E66008D5421 /* Debug */ = {
			isa = XCBuildConfiguration;
			baseConfigurationReference = 9DE11E8F6BC0C86E5735946E /* Pods.debug.xcconfig */;
			buildSettings = {
				ASSETCATALOG_COMPILER_APPICON_NAME = AppIcon;
				ASSETCATALOG_COMPILER_LAUNCHIMAGE_NAME = LaunchImage;
				CODE_SIGN_ENTITLEMENTS = "";
				CODE_SIGN_IDENTITY = "iPhone Developer";
				"CODE_SIGN_IDENTITY[sdk=iphoneos*]" = "iPhone Developer";
				EMBEDDED_CONTENT_CONTAINS_SWIFT = NO;
				ENABLE_BITCODE = NO;
				FRAMEWORK_SEARCH_PATHS = (
					"$(inherited)",
					"$(PROJECT_DIR)",
					"$(PROJECT_DIR)/Flurry/StartApp",
				);
				GCC_PRECOMPILE_PREFIX_HEADER = YES;
				GCC_PREFIX_HEADER = "SMS Dubai Roads/SMS Dubai Roads-Prefix.pch";
				INFOPLIST_FILE = "SMS Dubai Roads/SMS Dubai Roads-Info.plist";
				IPHONEOS_DEPLOYMENT_TARGET = 9.2;
				LIBRARY_SEARCH_PATHS = (
					"$(PROJECT_DIR)/Flurry",
					"$(PROJECT_DIR)/GoogleMobileAdsSdkiOS-6.12.2",
					"$(PROJECT_DIR)/Flurry-iOS-6.0.0/Flurry",
					"$(PROJECT_DIR)/Flurry-iOS-6.0.0/FlurryAds",
				);
				OTHER_LDFLAGS = (
					"-ObjC",
					"$(inherited)",
				);
				PRODUCT_NAME = "$(TARGET_NAME)";
				PROVISIONING_PROFILE = "";
				"PROVISIONING_PROFILE[sdk=iphoneos*]" = "";
				WRAPPER_EXTENSION = app;
			};
			name = Debug;
		};
		692FA3B315CD8E66008D5421 /* Release */ = {
			isa = XCBuildConfiguration;
			baseConfigurationReference = 5B9376EA9584D5AFD25FE90A /* Pods.release.xcconfig */;
			buildSettings = {
				ASSETCATALOG_COMPILER_APPICON_NAME = AppIcon;
				ASSETCATALOG_COMPILER_LAUNCHIMAGE_NAME = LaunchImage;
				CODE_SIGN_ENTITLEMENTS = "";
				CODE_SIGN_IDENTITY = "iPhone Developer";
				"CODE_SIGN_IDENTITY[sdk=iphoneos*]" = "iPhone Developer";
				EMBEDDED_CONTENT_CONTAINS_SWIFT = NO;
				ENABLE_BITCODE = NO;
				FRAMEWORK_SEARCH_PATHS = (
					"$(inherited)",
					"$(PROJECT_DIR)",
					"$(PROJECT_DIR)/Flurry/StartApp",
				);
				GCC_PRECOMPILE_PREFIX_HEADER = YES;
				GCC_PREFIX_HEADER = "SMS Dubai Roads/SMS Dubai Roads-Prefix.pch";
				INFOPLIST_FILE = "SMS Dubai Roads/SMS Dubai Roads-Info.plist";
				IPHONEOS_DEPLOYMENT_TARGET = 9.2;
				LIBRARY_SEARCH_PATHS = (
					"$(PROJECT_DIR)/Flurry",
					"$(PROJECT_DIR)/GoogleMobileAdsSdkiOS-6.12.2",
					"$(PROJECT_DIR)/Flurry-iOS-6.0.0/Flurry",
					"$(PROJECT_DIR)/Flurry-iOS-6.0.0/FlurryAds",
				);
				OTHER_LDFLAGS = (
					"-ObjC",
					"$(inherited)",
				);
				PRODUCT_NAME = "$(TARGET_NAME)";
				PROVISIONING_PROFILE = "";
				"PROVISIONING_PROFILE[sdk=iphoneos*]" = "";
				WRAPPER_EXTENSION = app;
			};
			name = Release;
		};
		692FA3CC15CDD395008D5421 /* Ad Hoc */ = {
			isa = XCBuildConfiguration;
			buildSettings = {
				ALWAYS_SEARCH_USER_PATHS = NO;
				CLANG_CXX_LANGUAGE_STANDARD = "gnu++0x";
				CLANG_ENABLE_OBJC_ARC = YES;
				CLANG_WARN_BOOL_CONVERSION = YES;
				CLANG_WARN_CONSTANT_CONVERSION = YES;
				CLANG_WARN_EMPTY_BODY = YES;
				CLANG_WARN_ENUM_CONVERSION = YES;
				CLANG_WARN_INT_CONVERSION = YES;
				CLANG_WARN_UNREACHABLE_CODE = YES;
				CLANG_WARN__DUPLICATE_METHOD_MATCH = YES;
				CODE_SIGN_ENTITLEMENTS = "";
				"CODE_SIGN_ENTITLEMENTS[sdk=*]" = "";
				CODE_SIGN_IDENTITY = "iPhone Distribution: Tamer Alaa";
				COPY_PHASE_STRIP = NO;
				EMBEDDED_CONTENT_CONTAINS_SWIFT = NO;
				ENABLE_STRICT_OBJC_MSGSEND = YES;
				GCC_C_LANGUAGE_STANDARD = gnu99;
				GCC_NO_COMMON_BLOCKS = YES;
				GCC_VERSION = com.apple.compilers.llvm.clang.1_0;
				GCC_WARN_64_TO_32_BIT_CONVERSION = YES;
				GCC_WARN_ABOUT_RETURN_TYPE = YES;
				GCC_WARN_UNDECLARED_SELECTOR = YES;
				GCC_WARN_UNINITIALIZED_AUTOS = YES;
				GCC_WARN_UNUSED_FUNCTION = YES;
				GCC_WARN_UNUSED_VARIABLE = YES;
				IPHONEOS_DEPLOYMENT_TARGET = 8.2;
				ONLY_ACTIVE_ARCH = YES;
				OTHER_CFLAGS = "-DNS_BLOCK_ASSERTIONS=1";
				PROVISIONING_PROFILE = "";
				SDKROOT = iphoneos;
				VALIDATE_PRODUCT = YES;
			};
			name = "Ad Hoc";
		};
		692FA3CD15CDD395008D5421 /* Ad Hoc */ = {
			isa = XCBuildConfiguration;
			baseConfigurationReference = 2BBE276F980BF3BB3FD81010 /* Pods.ad hoc.xcconfig */;
			buildSettings = {
				ASSETCATALOG_COMPILER_APPICON_NAME = AppIcon;
				ASSETCATALOG_COMPILER_LAUNCHIMAGE_NAME = LaunchImage;
				CODE_SIGN_ENTITLEMENTS = "";
				CODE_SIGN_IDENTITY = "iPhone Developer";
				"CODE_SIGN_IDENTITY[sdk=*]" = "iPhone Distribution: Tamer Alaa (6VJ733SKX8)";
				"CODE_SIGN_IDENTITY[sdk=iphoneos*]" = "iPhone Developer";
				EMBEDDED_CONTENT_CONTAINS_SWIFT = NO;
				ENABLE_BITCODE = NO;
				FRAMEWORK_SEARCH_PATHS = (
					"$(inherited)",
					"$(PROJECT_DIR)",
					"$(PROJECT_DIR)/Flurry/StartApp",
				);
				GCC_PRECOMPILE_PREFIX_HEADER = YES;
				GCC_PREFIX_HEADER = "SMS Dubai Roads/SMS Dubai Roads-Prefix.pch";
				INFOPLIST_FILE = "SMS Dubai Roads/SMS Dubai Roads-Info.plist";
				IPHONEOS_DEPLOYMENT_TARGET = 9.2;
				LIBRARY_SEARCH_PATHS = (
					"$(PROJECT_DIR)/Flurry",
					"$(PROJECT_DIR)/GoogleMobileAdsSdkiOS-6.12.2",
					"$(PROJECT_DIR)/Flurry-iOS-6.0.0/Flurry",
					"$(PROJECT_DIR)/Flurry-iOS-6.0.0/FlurryAds",
				);
				OTHER_LDFLAGS = (
					"-ObjC",
					"$(inherited)",
				);
				PRODUCT_NAME = "$(TARGET_NAME)";
				PROVISIONING_PROFILE = "";
				"PROVISIONING_PROFILE[sdk=*]" = "7f83ddf9-cdc7-49da-9b5d-585e8787e80c";
				"PROVISIONING_PROFILE[sdk=iphoneos*]" = "7f83ddf9-cdc7-49da-9b5d-585e8787e80c";
				WRAPPER_EXTENSION = app;
			};
			name = "Ad Hoc";
		};
		69A22B921A17D00D004DB312 /* Debug */ = {
			isa = XCBuildConfiguration;
			buildSettings = {
				CLANG_CXX_LIBRARY = "libc++";
				CLANG_ENABLE_MODULES = YES;
				CLANG_WARN_DIRECT_OBJC_ISA_USAGE = YES_ERROR;
				CLANG_WARN_OBJC_ROOT_CLASS = YES_ERROR;
				CODE_SIGN_ENTITLEMENTS = "";
				CODE_SIGN_IDENTITY = "iPhone Developer";
				"CODE_SIGN_IDENTITY[sdk=iphoneos*]" = "iPhone Developer";
				EMBEDDED_CONTENT_CONTAINS_SWIFT = NO;
				GCC_PREPROCESSOR_DEFINITIONS = (
					"DEBUG=1",
					"$(inherited)",
				);
				GCC_WARN_ABOUT_RETURN_TYPE = YES_ERROR;
				GCC_WARN_UNINITIALIZED_AUTOS = YES_AGGRESSIVE;
				INFOPLIST_FILE = Traffic_Widget/Info.plist;
				IPHONEOS_DEPLOYMENT_TARGET = 8.2;
				LD_RUNPATH_SEARCH_PATHS = "$(inherited) @executable_path/Frameworks @executable_path/../../Frameworks";
				MTL_ENABLE_DEBUG_INFO = YES;
				PRODUCT_NAME = "$(TARGET_NAME)";
				PROVISIONING_PROFILE = "";
				SKIP_INSTALL = YES;
				SWIFT_OPTIMIZATION_LEVEL = "-Onone";
			};
			name = Debug;
		};
		69A22B931A17D00D004DB312 /* Release */ = {
			isa = XCBuildConfiguration;
			buildSettings = {
				CLANG_CXX_LIBRARY = "libc++";
				CLANG_ENABLE_MODULES = YES;
				CLANG_WARN_DIRECT_OBJC_ISA_USAGE = YES_ERROR;
				CLANG_WARN_OBJC_ROOT_CLASS = YES_ERROR;
				CODE_SIGN_ENTITLEMENTS = "";
				CODE_SIGN_IDENTITY = "iPhone Developer";
				"CODE_SIGN_IDENTITY[sdk=iphoneos*]" = "iPhone Developer";
				EMBEDDED_CONTENT_CONTAINS_SWIFT = NO;
				ENABLE_NS_ASSERTIONS = NO;
				GCC_WARN_ABOUT_RETURN_TYPE = YES_ERROR;
				GCC_WARN_UNINITIALIZED_AUTOS = YES_AGGRESSIVE;
				INFOPLIST_FILE = Traffic_Widget/Info.plist;
				IPHONEOS_DEPLOYMENT_TARGET = 8.2;
				LD_RUNPATH_SEARCH_PATHS = "$(inherited) @executable_path/Frameworks @executable_path/../../Frameworks";
				MTL_ENABLE_DEBUG_INFO = NO;
				PRODUCT_NAME = "$(TARGET_NAME)";
				PROVISIONING_PROFILE = "";
				SKIP_INSTALL = YES;
			};
			name = Release;
		};
		69A22B941A17D00D004DB312 /* Ad Hoc */ = {
			isa = XCBuildConfiguration;
			buildSettings = {
				CLANG_CXX_LIBRARY = "libc++";
				CLANG_ENABLE_MODULES = YES;
				CLANG_WARN_DIRECT_OBJC_ISA_USAGE = YES_ERROR;
				CLANG_WARN_OBJC_ROOT_CLASS = YES_ERROR;
				CODE_SIGN_ENTITLEMENTS = "";
				CODE_SIGN_IDENTITY = "iPhone Developer";
				"CODE_SIGN_IDENTITY[sdk=*]" = "iPhone Distribution";
				"CODE_SIGN_IDENTITY[sdk=iphoneos*]" = "iPhone Developer";
				EMBEDDED_CONTENT_CONTAINS_SWIFT = NO;
				ENABLE_NS_ASSERTIONS = NO;
				GCC_WARN_ABOUT_RETURN_TYPE = YES_ERROR;
				GCC_WARN_UNINITIALIZED_AUTOS = YES_AGGRESSIVE;
				INFOPLIST_FILE = Traffic_Widget/Info.plist;
				IPHONEOS_DEPLOYMENT_TARGET = 8.2;
				LD_RUNPATH_SEARCH_PATHS = "$(inherited) @executable_path/Frameworks @executable_path/../../Frameworks";
				MTL_ENABLE_DEBUG_INFO = NO;
				PRODUCT_NAME = "$(TARGET_NAME)";
				PROVISIONING_PROFILE = "";
				SKIP_INSTALL = YES;
			};
			name = "Ad Hoc";
		};
/* End XCBuildConfiguration section */

/* Begin XCConfigurationList section */
		692FA38215CD8E65008D5421 /* Build configuration list for PBXProject "SMS Dubai Roads" */ = {
			isa = XCConfigurationList;
			buildConfigurations = (
				692FA3AF15CD8E66008D5421 /* Debug */,
				692FA3B015CD8E66008D5421 /* Release */,
				692FA3CC15CDD395008D5421 /* Ad Hoc */,
			);
			defaultConfigurationIsVisible = 0;
			defaultConfigurationName = Release;
		};
		692FA3B115CD8E66008D5421 /* Build configuration list for PBXNativeTarget "SMS Dubai Roads" */ = {
			isa = XCConfigurationList;
			buildConfigurations = (
				692FA3B215CD8E66008D5421 /* Debug */,
				692FA3B315CD8E66008D5421 /* Release */,
				692FA3CD15CDD395008D5421 /* Ad Hoc */,
			);
			defaultConfigurationIsVisible = 0;
			defaultConfigurationName = Release;
		};
		69A22B911A17D00D004DB312 /* Build configuration list for PBXNativeTarget "Traffic_Widget" */ = {
			isa = XCConfigurationList;
			buildConfigurations = (
				69A22B921A17D00D004DB312 /* Debug */,
				69A22B931A17D00D004DB312 /* Release */,
				69A22B941A17D00D004DB312 /* Ad Hoc */,
			);
			defaultConfigurationIsVisible = 0;
			defaultConfigurationName = Release;
		};
/* End XCConfigurationList section */

/* Begin XCVersionGroup section */
		69CBDEA617FB19720076988A /* History.xcdatamodeld */ = {
			isa = XCVersionGroup;
			children = (
				69CBDEA717FB19720076988A /* History.xcdatamodel */,
			);
			currentVersion = 69CBDEA717FB19720076988A /* History.xcdatamodel */;
			name = History.xcdatamodeld;
			path = ../History.xcdatamodeld;
			sourceTree = "<group>";
			versionGroupType = wrapper.xcdatamodel;
		};
/* End XCVersionGroup section */
	};
	rootObject = 692FA37F15CD8E65008D5421 /* Project object */;
}
